
Microsoft Visual Studio Solution File, Format Version 12.00
# Visual Studio 15
VisualStudioVersion = 15.0.28307.572
MinimumVisualStudioVersion = 10.0.40219.1
Project("{8BC9CEB8-8B4A-11D0-8D11-00A0C91BC942}") = "基于欧氏距离的点云分割", "基于欧氏距离的点云分割\基于欧氏距离的点云分割.vcxproj", "{5769EFD5-7790-4451-85A7-4AAAE659CABA}"
EndProject
Global
	GlobalSection(SolutionConfigurationPlatforms) = preSolution
		Debug|x64 = Debug|x64
		Debug|x86 = Debug|x86
		Release|x64 = Release|x64
		Release|x86 = Release|x86
	EndGlobalSection
	GlobalSection(ProjectConfigurationPlatforms) = postSolution
		{5769EFD5-7790-4451-85A7-4AAAE659CABA}.Debug|x64.ActiveCfg = Debug|x64
		{5769EFD5-7790-4451-85A7-4AAAE659CABA}.Debug|x64.Build.0 = Debug|x64
		{5769EFD5-7790-4451-85A7-4AAAE659CABA}.Debug|x86.ActiveCfg = Debug|Win32
		{5769EFD5-7790-4451-85A7-4AAAE659CABA}.Debug|x86.Build.0 = Debug|Win32
		{5769EFD5-7790-4451-85A7-4AAAE659CABA}.Release|x64.ActiveCfg = Release|x64
		{5769EFD5-7790-4451-85A7-4AAAE659CABA}.Release|x64.Build.0 = Release|x64
		{5769EFD5-7790-4451-85A7-4AAAE659CABA}.Release|x86.ActiveCfg = Release|Win32
		{5769EFD5-7790-4451-85A7-4AAAE659CABA}.Release|x86.Build.0 = Release|Win32
	EndGlobalSection
	GlobalSection(SolutionProperties) = preSolution
		HideSolutionNode = FALSE
	EndGlobalSection
	GlobalSection(ExtensibilityGlobals) = postSolution
		SolutionGuid = {1898765E-9B4D-4EE8-89C8-DB7BA6B60CCA}
	EndGlobalSection
EndGlobal
