
Microsoft Visual Studio Solution File, Format Version 12.00
# Visual Studio 15
VisualStudioVersion = 15.0.28307.1145
MinimumVisualStudioVersion = 10.0.40219.1
Project("{8BC9CEB8-8B4A-11D0-8D11-00A0C91BC942}") = "基于FPFH+ICP的点云配准", "基于FPFH+ICP的点云配准\基于FPFH+ICP的点云配准.vcxproj", "{B5598F70-8B82-4D57-9E42-AE6351DE861C}"
EndProject
Global
	GlobalSection(SolutionConfigurationPlatforms) = preSolution
		Debug|x64 = Debug|x64
		Debug|x86 = Debug|x86
		Release|x64 = Release|x64
		Release|x86 = Release|x86
	EndGlobalSection
	GlobalSection(ProjectConfigurationPlatforms) = postSolution
		{B5598F70-8B82-4D57-9E42-AE6351DE861C}.Debug|x64.ActiveCfg = Debug|x64
		{B5598F70-8B82-4D57-9E42-AE6351DE861C}.Debug|x64.Build.0 = Debug|x64
		{B5598F70-8B82-4D57-9E42-AE6351DE861C}.Debug|x86.ActiveCfg = Debug|Win32
		{B5598F70-8B82-4D57-9E42-AE6351DE861C}.Debug|x86.Build.0 = Debug|Win32
		{B5598F70-8B82-4D57-9E42-AE6351DE861C}.Release|x64.ActiveCfg = Release|x64
		{B5598F70-8B82-4D57-9E42-AE6351DE861C}.Release|x64.Build.0 = Release|x64
		{B5598F70-8B82-4D57-9E42-AE6351DE861C}.Release|x86.ActiveCfg = Release|Win32
		{B5598F70-8B82-4D57-9E42-AE6351DE861C}.Release|x86.Build.0 = Release|Win32
	EndGlobalSection
	GlobalSection(SolutionProperties) = preSolution
		HideSolutionNode = FALSE
	EndGlobalSection
	GlobalSection(ExtensibilityGlobals) = postSolution
		SolutionGuid = {6BAF7ADB-51FC-44B6-B994-01775B43C7C0}
	EndGlobalSection
EndGlobal
